
Microsoft Visual Studio Solution File, Format Version 12.00
# Visual Studio 2012
Project("{FAE04EC0-301F-11D3-BF4B-00C04F79EFBC}") = "VinhHungHung", "VinhHungHung\VinhHungHung.csproj", "{29BCA7C9-D0BB-4192-8D58-E37789DC6AD0}"
EndProject
Project("{FAE04EC0-301F-11D3-BF4B-00C04F79EFBC}") = "HarpyFramework", "HarpyFramework\HarpyFramework.csproj", "{357E063B-F7DF-4CCA-A53B-E9BF4F7CE44E}"
EndProject
Global
	GlobalSection(SolutionConfigurationPlatforms) = preSolution
		Debug|Any CPU = Debug|Any CPU
		Release|Any CPU = Release|Any CPU
	EndGlobalSection
	GlobalSection(ProjectConfigurationPlatforms) = postSolution
		{29BCA7C9-D0BB-4192-8D58-E37789DC6AD0}.Debug|Any CPU.ActiveCfg = Debug|Any CPU
		{29BCA7C9-D0BB-4192-8D58-E37789DC6AD0}.Debug|Any CPU.Build.0 = Debug|Any CPU
		{29BCA7C9-D0BB-4192-8D58-E37789DC6AD0}.Release|Any CPU.ActiveCfg = Release|Any CPU
		{29BCA7C9-D0BB-4192-8D58-E37789DC6AD0}.Release|Any CPU.Build.0 = Release|Any CPU
		{357E063B-F7DF-4CCA-A53B-E9BF4F7CE44E}.Debug|Any CPU.ActiveCfg = Debug|Any CPU
		{357E063B-F7DF-4CCA-A53B-E9BF4F7CE44E}.Debug|Any CPU.Build.0 = Debug|Any CPU
		{357E063B-F7DF-4CCA-A53B-E9BF4F7CE44E}.Release|Any CPU.ActiveCfg = Release|Any CPU
		{357E063B-F7DF-4CCA-A53B-E9BF4F7CE44E}.Release|Any CPU.Build.0 = Release|Any CPU
	EndGlobalSection
	GlobalSection(SolutionProperties) = preSolution
		HideSolutionNode = FALSE
	EndGlobalSection
EndGlobal
